# This file was autogenerated by Stack.
# You should not edit this file by hand.
# For more information, please see the documentation at:
#   https://docs.haskellstack.org/en/stable/lock_files

packages:
- completed:
    hackage: command-0.1.1@sha256:5232b98c195bc3b8a6f35c55ccd2fa424abe355ca54cfcd836bbe7e494834773,1110
    pantry-tree:
      size: 167
      sha256: 1ecfeb4b1367de6b489dbda20be05df78beb07f71d7c0b1f471fab1cd9c8044a
  original:
    hackage: command-0.1.1@sha256:5232b98c195bc3b8a6f35c55ccd2fa424abe355ca54cfcd836bbe7e494834773,1110
snapshots:
- completed:
    size: 585393
    url: https://raw.githubusercontent.com/commercialhaskell/stackage-snapshots/master/lts/18/0.yaml
    sha256: c632012da648385b9fa3c29f4e0afd56ead299f1c5528ee789058be410e883c0
  original: lts-18.0
